dependencies:
- name: common
  repository: oci://registry-1.docker.io/bitnamicharts
  version: 2.31.4
- name: nginx
  repository: oci://registry-1.docker.io/cloudpirates
  version: 0.1.6
- name: mariadb
  repository: oci://registry-1.docker.io/cloudpirates
  version: 0.2.7
- name: redis
  repository: oci://registry-1.docker.io/cloudpirates
  version: 0.3.1
digest: sha256:ffedcf11e93d40ad43815159cbb4f1f1c86c89f14f4c68c94be084ac39e9599c
generated: "2025-09-18T00:52:29.103017792+02:00"
