dependencies:
- name: common
  repository: https://charts.bitnami.com/bitnami
  version: 1.4.3
- name: nginx
  repository: https://charts.bitnami.com/bitnami
  version: 8.8.5
- name: mariadb
  repository: https://charts.bitnami.com/bitnami
  version: 9.3.11
- name: redis
  repository: https://charts.bitnami.com/bitnami
  version: 12.9.2
digest: sha256:4255a558312b033e820635f491b0960bd4ec8e716164025212af06adafbd4cb9
generated: "2021-05-11T09:31:45.433+08:00"
